<?xml version="1.0" encoding="utf-8"?>
<Project ToolsVersion="4.0" xmlns="http://schemas.microsoft.com/developer/msbuild/2003">
  <ItemGroup>
    <Filter Include="Resource Files">
      <UniqueIdentifier>{67DA6AB6-F800-4c08-8B7A-83BB121AAD01}</UniqueIdentifier>
      <Extensions>rc;ico;cur;bmp;dlg;rc2;rct;bin;rgs;gif;jpg;jpeg;jpe;resx;tiff;tif;png;wav;mfcribbon-ms</Extensions>
    </Filter>
    <Filter Include="Application Logic">
      <UniqueIdentifier>{fa6fc793-0ba6-4e57-9577-f1dc9187c5b9}</UniqueIdentifier>
    </Filter>
    <Filter Include="Application Logic\Header files">
      <UniqueIdentifier>{38b60edf-bf12-4de6-9f01-1ae57cc0da0e}</UniqueIdentifier>
    </Filter>
    <Filter Include="Application Logic\Source Files">
      <UniqueIdentifier>{9a28a1f2-8527-4edb-84e6-7df80d0d28b3}</UniqueIdentifier>
    </Filter>
    <Filter Include="Game Logic">
      <UniqueIdentifier>{a0ba5650-ee2b-4f5f-b61c-ec9bd430e8a5}</UniqueIdentifier>
    </Filter>
    <Filter Include="Game Logic\Header files">
      <UniqueIdentifier>{467d3ec9-9bd5-4346-8eb2-9ecdb01273d9}</UniqueIdentifier>
    </Filter>
    <Filter Include="Game Logic\Source files">
      <UniqueIdentifier>{39e8da21-ea65-4905-8cc2-4d1cb2ed4c7a}</UniqueIdentifier>
    </Filter>
  </ItemGroup>
  <ItemGroup>
    <ClInclude Include="Application.h">
      <Filter>Application Logic\Header files</Filter>
    </ClInclude>
    <ClInclude Include="Module.h">
      <Filter>Application Logic\Header files</Filter>
    </ClInclude>
    <ClInclude Include="Globals.h">
      <Filter>Application Logic\Header files</Filter>
    </ClInclude>
    <ClInclude Include="MWindow.h">
      <Filter>Application Logic\Header files</Filter>
    </ClInclude>
    <ClInclude Include="MRender.h">
      <Filter>Application Logic\Header files</Filter>
    </ClInclude>
    <ClInclude Include="MInput.h">
      <Filter>Application Logic\Header files</Filter>
    </ClInclude>
    <ClInclude Include="Point.h">
      <Filter>Application Logic\Header files</Filter>
    </ClInclude>
    <ClInclude Include="MTextures.h">
      <Filter>Application Logic\Header files</Filter>
    </ClInclude>
    <ClInclude Include="Animation.h">
      <Filter>Application Logic\Header files</Filter>
    </ClInclude>
    <ClInclude Include="Timer.h">
      <Filter>Application Logic\Header files</Filter>
    </ClInclude>
    <ClInclude Include="MAudio.h">
      <Filter>Application Logic\Header files</Filter>
    </ClInclude>
    <ClInclude Include="MGameObject.h">
      <Filter>Game Logic\Header files</Filter>
    </ClInclude>
    <ClInclude Include="GameObject.h">
      <Filter>Game Logic\Header files</Filter>
    </ClInclude>
    <ClInclude Include="Player.h">
      <Filter>Game Logic\Header files</Filter>
    </ClInclude>
    <ClInclude Include="MCollision.h">
      <Filter>Game Logic\Header files</Filter>
    </ClInclude>
    <ClInclude Include="Collider.h">
      <Filter>Game Logic\Header files</Filter>
    </ClInclude>
    <ClInclude Include="Particle.h">
      <Filter>Game Logic\Header files</Filter>
    </ClInclude>
    <ClInclude Include="MParticle.h">
      <Filter>Game Logic\Header files</Filter>
    </ClInclude>
    <ClInclude Include="SoftShot.h">
      <Filter>Game Logic\Header files</Filter>
    </ClInclude>
    <ClInclude Include="MScene.h">
      <Filter>Game Logic\Header files</Filter>
    </ClInclude>
    <ClInclude Include="EnemyRoseGoblin.h">
      <Filter>Game Logic\Header files</Filter>
    </ClInclude>
    <ClInclude Include="HardShot.h">
      <Filter>Game Logic\Header files</Filter>
    </ClInclude>
    <ClInclude Include="MIntro.h">
      <Filter>Game Logic\Header files</Filter>
    </ClInclude>
    <ClInclude Include="MGameOver.h">
      <Filter>Game Logic\Header files</Filter>
    </ClInclude>
    <ClInclude Include="EnemyYellowMonkey.h">
      <Filter>Game Logic\Header files</Filter>
    </ClInclude>
    <ClInclude Include="Potion.h">
      <Filter>Game Logic\Header files</Filter>
    </ClInclude>
  </ItemGroup>
  <ItemGroup>
    <ClCompile Include="Main.cpp">
      <Filter>Application Logic\Source Files</Filter>
    </ClCompile>
    <ClCompile Include="Application.cpp">
      <Filter>Application Logic\Source Files</Filter>
    </ClCompile>
    <ClCompile Include="MWindow.cpp">
      <Filter>Application Logic\Source Files</Filter>
    </ClCompile>
    <ClCompile Include="Log.cpp">
      <Filter>Application Logic\Source Files</Filter>
    </ClCompile>
    <ClCompile Include="MRender.cpp">
      <Filter>Application Logic\Source Files</Filter>
    </ClCompile>
    <ClCompile Include="MInput.cpp">
      <Filter>Application Logic\Source Files</Filter>
    </ClCompile>
    <ClCompile Include="MTextures.cpp">
      <Filter>Application Logic\Source Files</Filter>
    </ClCompile>
    <ClCompile Include="Timer.cpp">
      <Filter>Application Logic\Source Files</Filter>
    </ClCompile>
    <ClCompile Include="MAudio.cpp">
      <Filter>Application Logic\Source Files</Filter>
    </ClCompile>
    <ClCompile Include="MGameObject.cpp">
      <Filter>Game Logic\Source files</Filter>
    </ClCompile>
    <ClCompile Include="GameObject.cpp">
      <Filter>Game Logic\Source files</Filter>
    </ClCompile>
    <ClCompile Include="Player.cpp">
      <Filter>Game Logic\Source files</Filter>
    </ClCompile>
    <ClCompile Include="MCollision.cpp">
      <Filter>Game Logic\Source files</Filter>
    </ClCompile>
    <ClCompile Include="Collider.cpp">
      <Filter>Game Logic\Source files</Filter>
    </ClCompile>
    <ClCompile Include="Particle.cpp">
      <Filter>Game Logic\Source files</Filter>
    </ClCompile>
    <ClCompile Include="MParticle.cpp">
      <Filter>Game Logic\Source files</Filter>
    </ClCompile>
    <ClCompile Include="SoftShot.cpp">
      <Filter>Game Logic\Source files</Filter>
    </ClCompile>
    <ClCompile Include="MScene.cpp">
      <Filter>Game Logic\Source files</Filter>
    </ClCompile>
    <ClCompile Include="EnemyRoseGoblin.cpp">
      <Filter>Game Logic\Source files</Filter>
    </ClCompile>
    <ClCompile Include="HardShot.cpp">
      <Filter>Game Logic\Source files</Filter>
    </ClCompile>
    <ClCompile Include="MIntro.cpp">
      <Filter>Game Logic\Source files</Filter>
    </ClCompile>
    <ClCompile Include="MGameOver.cpp">
      <Filter>Game Logic\Source files</Filter>
    </ClCompile>
    <ClCompile Include="EnemyYellowMonkey.cpp">
      <Filter>Game Logic\Source files</Filter>
    </ClCompile>
    <ClCompile Include="Potion.cpp">
      <Filter>Game Logic\Source files</Filter>
    </ClCompile>
  </ItemGroup>
</Project>